
Microsoft Visual Studio Solution File, Format Version 12.00
# Visual Studio 15
VisualStudioVersion = 15.0.28307.329
MinimumVisualStudioVersion = 10.0.40219.1
Project("{FAE04EC0-301F-11D3-BF4B-00C04F79EFBC}") = "GUIV3", "GUIV3\GUIV3.csproj", "{738D9CCA-EE56-4386-ACC8-B2C65DD44D9C}"
EndProject
Global
	GlobalSection(SolutionConfigurationPlatforms) = preSolution
		Debug|Any CPU = Debug|Any CPU
		Release|Any CPU = Release|Any CPU
	EndGlobalSection
	GlobalSection(ProjectConfigurationPlatforms) = postSolution
		{738D9CCA-EE56-4386-ACC8-B2C65DD44D9C}.Debug|Any CPU.ActiveCfg = Debug|Any CPU
		{738D9CCA-EE56-4386-ACC8-B2C65DD44D9C}.Debug|Any CPU.Build.0 = Debug|Any CPU
		{738D9CCA-EE56-4386-ACC8-B2C65DD44D9C}.Release|Any CPU.ActiveCfg = Release|Any CPU
		{738D9CCA-EE56-4386-ACC8-B2C65DD44D9C}.Release|Any CPU.Build.0 = Release|Any CPU
	EndGlobalSection
	GlobalSection(SolutionProperties) = preSolution
		HideSolutionNode = FALSE
	EndGlobalSection
	GlobalSection(ExtensibilityGlobals) = postSolution
		SolutionGuid = {2A127517-0C40-4425-8163-F062F4CDEB12}
	EndGlobalSection
EndGlobal
